// !$*UTF8*$!
{
	archiveVersion = 1;
	classes = {
	};
	objectVersion = 46;
	objects = {

/* Begin PBXBuildFile section */
		6DAB93021FA77F8C0092A5E3 /* AppDelegate.swift in Sources */ = {isa = PBXBuildFile; fileRef = 6DAB93011FA77F8C0092A5E3 /* AppDelegate.swift */; };
		6DAB93041FA77F8C0092A5E3 /* ViewController.swift in Sources */ = {isa = PBXBuildFile; fileRef = 6DAB93031FA77F8C0092A5E3 /* ViewController.swift */; };
		6DAB93071FA77F8C0092A5E3 /* Main.storyboard in Resources */ = {isa = PBXBuildFile; fileRef = 6DAB93051FA77F8C0092A5E3 /* Main.storyboard */; };
		6DAB930A1FA77F8C0092A5E3 /* CoreDataDemo.xcdatamodeld in Sources */ = {isa = PBXBuildFile; fileRef = 6DAB93081FA77F8C0092A5E3 /* CoreDataDemo.xcdatamodeld */; };
		6DAB930C1FA77F8C0092A5E3 /* Assets.xcassets in Resources */ = {isa = PBXBuildFile; fileRef = 6DAB930B1FA77F8C0092A5E3 /* Assets.xcassets */; };
		6DAB930F1FA77F8C0092A5E3 /* LaunchScreen.storyboard in Resources */ = {isa = PBXBuildFile; fileRef = 6DAB930D1FA77F8C0092A5E3 /* LaunchScreen.storyboard */; };
		6DAB93171FA783E60092A5E3 /* Dao.swift in Sources */ = {isa = PBXBuildFile; fileRef = 6DAB93161FA783E60092A5E3 /* Dao.swift */; };
/* End PBXBuildFile section */

/* Begin PBXFileReference section */
		6DAB92FE1FA77F8C0092A5E3 /* CoreDataDemo.app */ = {isa = PBXFileReference; explicitFileType = wrapper.application; includeInIndex = 0; path = CoreDataDemo.app; sourceTree = BUILT_PRODUCTS_DIR; };
		6DAB93011FA77F8C0092A5E3 /* AppDelegate.swift */ = {isa = PBXFileReference; lastKnownFileType = sourcecode.swift; path = AppDelegate.swift; sourceTree = "<group>"; };
		6DAB93031FA77F8C0092A5E3 /* ViewController.swift */ = {isa = PBXFileReference; lastKnownFileType = sourcecode.swift; path = ViewController.swift; sourceTree = "<group>"; };
		6DAB93061FA77F8C0092A5E3 /* Base */ = {isa = PBXFileReference; lastKnownFileType = file.storyboard; name = Base; path = Base.lproj/Main.storyboard; sourceTree = "<group>"; };
		6DAB93091FA77F8C0092A5E3 /* CoreDataDemo.xcdatamodel */ = {isa = PBXFileReference; lastKnownFileType = wrapper.xcdatamodel; path = CoreDataDemo.xcdatamodel; sourceTree = "<group>"; };
		6DAB930B1FA77F8C0092A5E3 /* Assets.xcassets */ = {isa = PBXFileReference; lastKnownFileType = folder.assetcatalog; path = Assets.xcassets; sourceTree = "<group>"; };
		6DAB930E1FA77F8C0092A5E3 /* Base */ = {isa = PBXFileReference; lastKnownFileType = file.storyboard; name = Base; path = Base.lproj/LaunchScreen.storyboard; sourceTree = "<group>"; };
		6DAB93101FA77F8C0092A5E3 /* Info.plist */ = {isa = PBXFileReference; lastKnownFileType = text.plist.xml; path = Info.plist; sourceTree = "<group>"; };
		6DAB93161FA783E60092A5E3 /* Dao.swift */ = {isa = PBXFileReference; fileEncoding = 4; lastKnownFileType = sourcecode.swift; path = Dao.swift; sourceTree = "<group>"; };
/* End PBXFileReference section */

/* Begin PBXFrameworksBuildPhase section */
		6DAB92FB1FA77F8C0092A5E3 /* Frameworks */ = {
			isa = PBXFrameworksBuildPhase;
			buildActionMask = 2147483647;
			files = (
			);
			runOnlyForDeploymentPostprocessing = 0;
		};
/* End PBXFrameworksBuildPhase section */

/* Begin PBXGroup section */
		6DAB92F51FA77F8C0092A5E3 = {
			isa = PBXGroup;
			children = (
				6DAB93001FA77F8C0092A5E3 /* CoreDataDemo */,
				6DAB92FF1FA77F8C0092A5E3 /* Products */,
			);
			sourceTree = "<group>";
		};
		6DAB92FF1FA77F8C0092A5E3 /* Products */ = {
			isa = PBXGroup;
			children = (
				6DAB92FE1FA77F8C0092A5E3 /* CoreDataDemo.app */,
			);
			name = Products;
			sourceTree = "<group>";
		};
		6DAB93001FA77F8C0092A5E3 /* CoreDataDemo */ = {
			isa = PBXGroup;
			children = (
				6DAB93011FA77F8C0092A5E3 /* AppDelegate.swift */,
				6DAB93031FA77F8C0092A5E3 /* ViewController.swift */,
				6DAB93051FA77F8C0092A5E3 /* Main.storyboard */,
				6DAB930B1FA77F8C0092A5E3 /* Assets.xcassets */,
				6DAB930D1FA77F8C0092A5E3 /* LaunchScreen.storyboard */,
				6DAB93101FA77F8C0092A5E3 /* Info.plist */,
				6DAB93081FA77F8C0092A5E3 /* CoreDataDemo.xcdatamodeld */,
				6DAB93161FA783E60092A5E3 /* Dao.swift */,
			);
			path = CoreDataDemo;
			sourceTree = "<group>";
		};
/* End PBXGroup section */

/* Begin PBXNativeTarget section */
		6DAB92FD1FA77F8C0092A5E3 /* CoreDataDemo */ = {
			isa = PBXNativeTarget;
			buildConfigurationList = 6DAB93131FA77F8C0092A5E3 /* Build configuration list for PBXNativeTarget "CoreDataDemo" */;
			buildPhases = (
				6DAB92FA1FA77F8C0092A5E3 /* Sources */,
				6DAB92FB1FA77F8C0092A5E3 /* Frameworks */,
				6DAB92FC1FA77F8C0092A5E3 /* Resources */,
			);
			buildRules = (
			);
			dependencies = (
			);
			name = CoreDataDemo;
			productName = CoreDataDemo;
			productReference = 6DAB92FE1FA77F8C0092A5E3 /* CoreDataDemo.app */;
			productType = "com.apple.product-type.application";
		};
/* End PBXNativeTarget section */

/* Begin PBXProject section */
		6DAB92F61FA77F8C0092A5E3 /* Project object */ = {
			isa = PBXProject;
			attributes = {
				LastSwiftUpdateCheck = 0800;
				LastUpgradeCheck = 0800;
				ORGANIZATIONNAME = com.arichafamily;
				TargetAttributes = {
					6DAB92FD1FA77F8C0092A5E3 = {
						CreatedOnToolsVersion = 8.0;
						ProvisioningStyle = Automatic;
					};
				};
			};
			buildConfigurationList = 6DAB92F91FA77F8C0092A5E3 /* Build configuration list for PBXProject "CoreDataDemo" */;
			compatibilityVersion = "Xcode 3.2";
			developmentRegion = English;
			hasScannedForEncodings = 0;
			knownRegions = (
				en,
				Base,
			);
			mainGroup = 6DAB92F51FA77F8C0092A5E3;
			productRefGroup = 6DAB92FF1FA77F8C0092A5E3 /* Products */;
			projectDirPath = "";
			projectRoot = "";
			targets = (
				6DAB92FD1FA77F8C0092A5E3 /* CoreDataDemo */,
			);
		};
/* End PBXProject section */

/* Begin PBXResourcesBuildPhase section */
		6DAB92FC1FA77F8C0092A5E3 /* Resources */ = {
			isa = PBXResourcesBuildPhase;
			buildActionMask = 2147483647;
			files = (
				6DAB930F1FA77F8C0092A5E3 /* LaunchScreen.storyboard in Resources */,
				6DAB930C1FA77F8C0092A5E3 /* Assets.xcassets in Resources */,
				6DAB93071FA77F8C0092A5E3 /* Main.storyboard in Resources */,
			);
			runOnlyForDeploymentPostprocessing = 0;
		};
/* End PBXResourcesBuildPhase section */

/* Begin PBXSourcesBuildPhase section */
		6DAB92FA1FA77F8C0092A5E3 /* Sources */ = {
			isa = PBXSourcesBuildPhase;
			buildActionMask = 2147483647;
			files = (
				6DAB93171FA783E60092A5E3 /* Dao.swift in Sources */,
				6DAB93041FA77F8C0092A5E3 /* ViewController.swift in Sources */,
				6DAB930A1FA77F8C0092A5E3 /* CoreDataDemo.xcdatamodeld in Sources */,
				6DAB93021FA77F8C0092A5E3 /* AppDelegate.swift in Sources */,
			);
			runOnlyForDeploymentPostprocessing = 0;
		};
/* End PBXSourcesBuildPhase section */

/* Begin PBXVariantGroup section */
		6DAB93051FA77F8C0092A5E3 /* Main.storyboard */ = {
			isa = PBXVariantGroup;
			children = (
				6DAB93061FA77F8C0092A5E3 /* Base */,
			);
			name = Main.storyboard;
			sourceTree = "<group>";
		};
		6DAB930D1FA77F8C0092A5E3 /* LaunchScreen.storyboard */ = {
			isa = PBXVariantGroup;
			children = (
				6DAB930E1FA77F8C0092A5E3 /* Base */,
			);
			name = LaunchScreen.storyboard;
			sourceTree = "<group>";
		};
/* End PBXVariantGroup section */

/* Begin XCBuildConfiguration section */
		6DAB93111FA77F8C0092A5E3 /* Debug */ = {
			isa = XCBuildConfiguration;
			buildSettings = {
				ALWAYS_SEARCH_USER_PATHS = NO;
				CLANG_ANALYZER_NONNULL = YES;
				CLANG_CXX_LANGUAGE_STANDARD = "gnu++0x";
				CLANG_CXX_LIBRARY = "libc++";
				CLANG_ENABLE_MODULES = YES;
				CLANG_ENABLE_OBJC_ARC = YES;
				CLANG_WARN_BOOL_CONVERSION = YES;
				CLANG_WARN_CONSTANT_CONVERSION = YES;
				CLANG_WARN_DIRECT_OBJC_ISA_USAGE = YES_ERROR;
				CLANG_WARN_DOCUMENTATION_COMMENTS = YES;
				CLANG_WARN_EMPTY_BODY = YES;
				CLANG_WARN_ENUM_CONVERSION = YES;
				CLANG_WARN_INFINITE_RECURSION = YES;
				CLANG_WARN_INT_CONVERSION = YES;
				CLANG_WARN_OBJC_ROOT_CLASS = YES_ERROR;
				CLANG_WARN_SUSPICIOUS_MOVES = YES;
				CLANG_WARN_UNREACHABLE_CODE = YES;
				CLANG_WARN__DUPLICATE_METHOD_MATCH = YES;
				"CODE_SIGN_IDENTITY[sdk=iphoneos*]" = "iPhone Developer";
				COPY_PHASE_STRIP = NO;
				DEBUG_INFORMATION_FORMAT = dwarf;
				ENABLE_STRICT_OBJC_MSGSEND = YES;
				ENABLE_TESTABILITY = YES;
				GCC_C_LANGUAGE_STANDARD = gnu99;
				GCC_DYNAMIC_NO_PIC = NO;
				GCC_NO_COMMON_BLOCKS = YES;
				GCC_OPTIMIZATION_LEVEL = 0;
				GCC_PREPROCESSOR_DEFINITIONS = (
					"DEBUG=1",
					"$(inherited)",
				);
				GCC_WARN_64_TO_32_BIT_CONVERSION = YES;
				GCC_WARN_ABOUT_RETURN_TYPE = YES_ERROR;
				GCC_WARN_UNDECLARED_SELECTOR = YES;
				GCC_WARN_UNINITIALIZED_AUTOS = YES_AGGRESSIVE;
				GCC_WARN_UNUSED_FUNCTION = YES;
				GCC_WARN_UNUSED_VARIABLE = YES;
				IPHONEOS_DEPLOYMENT_TARGET = 10.0;
				MTL_ENABLE_DEBUG_INFO = YES;
				ONLY_ACTIVE_ARCH = YES;
				SDKROOT = iphoneos;
				SWIFT_ACTIVE_COMPILATION_CONDITIONS = DEBUG;
				SWIFT_OPTIMIZATION_LEVEL = "-Onone";
				TARGETED_DEVICE_FAMILY = "1,2";
			};
			name = Debug;
		};
		6DAB93121FA77F8C0092A5E3 /* Release */ = {
			isa = XCBuildConfiguration;
			buildSettings = {
				ALWAYS_SEARCH_USER_PATHS = NO;
				CLANG_ANALYZER_NONNULL = YES;
				CLANG_CXX_LANGUAGE_STANDARD = "gnu++0x";
				CLANG_CXX_LIBRARY = "libc++";
				CLANG_ENABLE_MODULES = YES;
				CLANG_ENABLE_OBJC_ARC = YES;
				CLANG_WARN_BOOL_CONVERSION = YES;
				CLANG_WARN_CONSTANT_CONVERSION = YES;
				CLANG_WARN_DIRECT_OBJC_ISA_USAGE = YES_ERROR;
				CLANG_WARN_DOCUMENTATION_COMMENTS = YES;
				CLANG_WARN_EMPTY_BODY = YES;
				CLANG_WARN_ENUM_CONVERSION = YES;
				CLANG_WARN_INFINITE_RECURSION = YES;
				CLANG_WARN_INT_CONVERSION = YES;
				CLANG_WARN_OBJC_ROOT_CLASS = YES_ERROR;
				CLANG_WARN_SUSPICIOUS_MOVES = YES;
				CLANG_WARN_UNREACHABLE_CODE = YES;
				CLANG_WARN__DUPLICATE_METHOD_MATCH = YES;
				"CODE_SIGN_IDENTITY[sdk=iphoneos*]" = "iPhone Developer";
				COPY_PHASE_STRIP = NO;
				DEBUG_INFORMATION_FORMAT = "dwarf-with-dsym";
				ENABLE_NS_ASSERTIONS = NO;
				ENABLE_STRICT_OBJC_MSGSEND = YES;
				GCC_C_LANGUAGE_STANDARD = gnu99;
				GCC_NO_COMMON_BLOCKS = YES;
				GCC_WARN_64_TO_32_BIT_CONVERSION = YES;
				GCC_WARN_ABOUT_RETURN_TYPE = YES_ERROR;
				GCC_WARN_UNDECLARED_SELECTOR = YES;
				GCC_WARN_UNINITIALIZED_AUTOS = YES_AGGRESSIVE;
				GCC_WARN_UNUSED_FUNCTION = YES;
				GCC_WARN_UNUSED_VARIABLE = YES;
				IPHONEOS_DEPLOYMENT_TARGET = 10.0;
				MTL_ENABLE_DEBUG_INFO = NO;
				SDKROOT = iphoneos;
				SWIFT_OPTIMIZATION_LEVEL = "-Owholemodule";
				TARGETED_DEVICE_FAMILY = "1,2";
				VALIDATE_PRODUCT = YES;
			};
			name = Release;
		};
		6DAB93141FA77F8C0092A5E3 /* Debug */ = {
			isa = XCBuildConfiguration;
			buildSettings = {
				ASSETCATALOG_COMPILER_APPICON_NAME = AppIcon;
				INFOPLIST_FILE = CoreDataDemo/Info.plist;
				LD_RUNPATH_SEARCH_PATHS = "$(inherited) @executable_path/Frameworks";
				PRODUCT_BUNDLE_IDENTIFIER = com.arichafamily.CoreDataDemo;
				PRODUCT_NAME = "$(TARGET_NAME)";
				SWIFT_VERSION = 3.0;
			};
			name = Debug;
		};
		6DAB93151FA77F8C0092A5E3 /* Release */ = {
			isa = XCBuildConfiguration;
			buildSettings = {
				ASSETCATALOG_COMPILER_APPICON_NAME = AppIcon;
				INFOPLIST_FILE = CoreDataDemo/Info.plist;
				LD_RUNPATH_SEARCH_PATHS = "$(inherited) @executable_path/Frameworks";
				PRODUCT_BUNDLE_IDENTIFIER = com.arichafamily.CoreDataDemo;
				PRODUCT_NAME = "$(TARGET_NAME)";
				SWIFT_VERSION = 3.0;
			};
			name = Release;
		};
/* End XCBuildConfiguration section */

/* Begin XCConfigurationList section */
		6DAB92F91FA77F8C0092A5E3 /* Build configuration list for PBXProject "CoreDataDemo" */ = {
			isa = XCConfigurationList;
			buildConfigurations = (
				6DAB93111FA77F8C0092A5E3 /* Debug */,
				6DAB93121FA77F8C0092A5E3 /* Release */,
			);
			defaultConfigurationIsVisible = 0;
			defaultConfigurationName = Release;
		};
		6DAB93131FA77F8C0092A5E3 /* Build configuration list for PBXNativeTarget "CoreDataDemo" */ = {
			isa = XCConfigurationList;
			buildConfigurations = (
				6DAB93141FA77F8C0092A5E3 /* Debug */,
				6DAB93151FA77F8C0092A5E3 /* Release */,
			);
			defaultConfigurationIsVisible = 0;
		};
/* End XCConfigurationList section */

/* Begin XCVersionGroup section */
		6DAB93081FA77F8C0092A5E3 /* CoreDataDemo.xcdatamodeld */ = {
			isa = XCVersionGroup;
			children = (
				6DAB93091FA77F8C0092A5E3 /* CoreDataDemo.xcdatamodel */,
			);
			currentVersion = 6DAB93091FA77F8C0092A5E3 /* CoreDataDemo.xcdatamodel */;
			path = CoreDataDemo.xcdatamodeld;
			sourceTree = "<group>";
			versionGroupType = wrapper.xcdatamodel;
		};
/* End XCVersionGroup section */
	};
	rootObject = 6DAB92F61FA77F8C0092A5E3 /* Project object */;
}
